# DO NOT EDIT MANUALLY - Managed by Fern Replay
version: "1.0"
generations:
  - commit_sha: 813313da9098aacfa234225449b0c67cf4a6284c
    tree_hash: ade628ad7ca34fabeab9dae2384f31473e08fb0d
    timestamp: 2026-05-19T21:17:07.449Z
    cli_version: unknown
    generator_versions: {}
current_generation: 813313da9098aacfa234225449b0c67cf4a6284c
patches: []
