# DO NOT EDIT MANUALLY - Managed by Fern Replay
version: "1.0"
generations:
  - commit_sha: 813313da9098aacfa234225449b0c67cf4a6284c
    tree_hash: ade628ad7ca34fabeab9dae2384f31473e08fb0d
    timestamp: 2026-05-19T21:17:07.449Z
    cli_version: unknown
    generator_versions: {}
  - commit_sha: 20fdc7bbb8d546dddddc81eb6d529308bd168d08
    tree_hash: a122988cb5ca436b953d395eef18e3b7b51224cb
    timestamp: 2026-07-14T16:59:18.638Z
    cli_version: unknown
    generator_versions:
      fernapi/fern-python-sdk: 4.55.4
  - commit_sha: 66f77abdb06c96cc5a9122cd240a6bb5cfd020f6
    tree_hash: 057a8e3b930345fe4cac00861ef249383a64cf77
    timestamp: 2026-08-18T17:48:45.825Z
    cli_version: unknown
    generator_versions:
      fernapi/fern-python-sdk: 4.55.4
  - commit_sha: cd6e74f053ff22480919bf8c49a452ef62eab4c4
    tree_hash: eb608268f87fb41df433e5adc42be96d5262a508
    timestamp: 2026-08-18T20:54:36.227Z
    cli_version: unknown
    generator_versions:
      fernapi/fern-python-sdk: 4.55.4
current_generation: cd6e74f053ff22480919bf8c49a452ef62eab4c4
patches: []
